
Microsoft Visual Studio Solution File, Format Version 12.00
# Visual Studio Version 17
VisualStudioVersion = 17.13.35931.197 d17.13
MinimumVisualStudioVersion = 10.0.40219.1
Project("{8BC9CEB8-8B4A-11D0-8D11-00A0C91BC942}") = "PG2_2hyoukakadai", "PG2_2hyoukakadai.vcxproj", "{BC6A08B6-19F6-41C8-964A-D58D15B99576}"
EndProject
Global
	GlobalSection(SolutionConfigurationPlatforms) = preSolution
		Debug|x64 = Debug|x64
		Release|x64 = Release|x64
	EndGlobalSection
	GlobalSection(ProjectConfigurationPlatforms) = postSolution
		{BC6A08B6-19F6-41C8-964A-D58D15B99576}.Debug|x64.ActiveCfg = Debug|x64
		{BC6A08B6-19F6-41C8-964A-D58D15B99576}.Debug|x64.Build.0 = Debug|x64
		{BC6A08B6-19F6-41C8-964A-D58D15B99576}.Release|x64.ActiveCfg = Release|x64
		{BC6A08B6-19F6-41C8-964A-D58D15B99576}.Release|x64.Build.0 = Release|x64
	EndGlobalSection
	GlobalSection(SolutionProperties) = preSolution
		HideSolutionNode = FALSE
	EndGlobalSection
	GlobalSection(ExtensibilityGlobals) = postSolution
		SolutionGuid = {41BA476F-2C9F-4374-B1AA-0C693FE2D5B9}
	EndGlobalSection
EndGlobal
